
Microsoft Visual Studio Solution File, Format Version 12.00
# Visual Studio Version 17
VisualStudioVersion = 17.0.31903.59
MinimumVisualStudioVersion = 10.0.40219.1
Project("{9A19103F-16F7-4668-BE54-9A1E7A4F7556}") = "ScreenSound", "ScreenSound\ScreenSound.csproj", "{A9CCE41C-6657-42BF-AED4-F3F578033037}"
EndProject
Project("{FAE04EC0-301F-11D3-BF4B-00C04F79EFBC}") = "ScreenSound.API", "ScreenSound.API\ScreenSound.API.csproj", "{28F9EA67-FA6B-42C1-A173-EF2B935F330F}"
EndProject
Project("{FAE04EC0-301F-11D3-BF4B-00C04F79EFBC}") = "ScreenSound.Modelos", "ScreenSound.Modelos\ScreenSound.Modelos.csproj", "{98F943D3-7FD6-4451-BD71-FB60A3930F03}"
EndProject
Project("{FAE04EC0-301F-11D3-BF4B-00C04F79EFBC}") = "ScreenSound.Dados", "ScreenSound.Dados\ScreenSound.Dados.csproj", "{E8CF2FCF-0BC0-4E06-9CCE-A0DC0CE03A3E}"
EndProject
Global
	GlobalSection(SolutionConfigurationPlatforms) = preSolution
		Debug|Any CPU = Debug|Any CPU
		Release|Any CPU = Release|Any CPU
	EndGlobalSection
	GlobalSection(ProjectConfigurationPlatforms) = postSolution
		{A9CCE41C-6657-42BF-AED4-F3F578033037}.Debug|Any CPU.ActiveCfg = Debug|Any CPU
		{A9CCE41C-6657-42BF-AED4-F3F578033037}.Debug|Any CPU.Build.0 = Debug|Any CPU
		{A9CCE41C-6657-42BF-AED4-F3F578033037}.Release|Any CPU.ActiveCfg = Release|Any CPU
		{A9CCE41C-6657-42BF-AED4-F3F578033037}.Release|Any CPU.Build.0 = Release|Any CPU
		{28F9EA67-FA6B-42C1-A173-EF2B935F330F}.Debug|Any CPU.ActiveCfg = Debug|Any CPU
		{28F9EA67-FA6B-42C1-A173-EF2B935F330F}.Debug|Any CPU.Build.0 = Debug|Any CPU
		{28F9EA67-FA6B-42C1-A173-EF2B935F330F}.Release|Any CPU.ActiveCfg = Release|Any CPU
		{28F9EA67-FA6B-42C1-A173-EF2B935F330F}.Release|Any CPU.Build.0 = Release|Any CPU
		{98F943D3-7FD6-4451-BD71-FB60A3930F03}.Debug|Any CPU.ActiveCfg = Debug|Any CPU
		{98F943D3-7FD6-4451-BD71-FB60A3930F03}.Debug|Any CPU.Build.0 = Debug|Any CPU
		{98F943D3-7FD6-4451-BD71-FB60A3930F03}.Release|Any CPU.ActiveCfg = Release|Any CPU
		{98F943D3-7FD6-4451-BD71-FB60A3930F03}.Release|Any CPU.Build.0 = Release|Any CPU
		{E8CF2FCF-0BC0-4E06-9CCE-A0DC0CE03A3E}.Debug|Any CPU.ActiveCfg = Debug|Any CPU
		{E8CF2FCF-0BC0-4E06-9CCE-A0DC0CE03A3E}.Debug|Any CPU.Build.0 = Debug|Any CPU
		{E8CF2FCF-0BC0-4E06-9CCE-A0DC0CE03A3E}.Release|Any CPU.ActiveCfg = Release|Any CPU
		{E8CF2FCF-0BC0-4E06-9CCE-A0DC0CE03A3E}.Release|Any CPU.Build.0 = Release|Any CPU
	EndGlobalSection
	GlobalSection(SolutionProperties) = preSolution
		HideSolutionNode = FALSE
	EndGlobalSection
	GlobalSection(ExtensibilityGlobals) = postSolution
		SolutionGuid = {53376795-682F-4541-945D-BF72B4999824}
	EndGlobalSection
EndGlobal
